
Microsoft Visual Studio Solution File, Format Version 12.00
# Visual Studio Version 17
VisualStudioVersion = 17.8.34525.116
MinimumVisualStudioVersion = 10.0.40219.1
Project("{9A19103F-16F7-4668-BE54-9A1E7A4F7556}") = "nunit-v2-result-writer", "src\extension\nunit-v2-result-writer.csproj", "{AECFA3FB-E55A-4151-9DEA-F715FBB972BA}"
EndProject
Project("{9A19103F-16F7-4668-BE54-9A1E7A4F7556}") = "nunit-v2-result-writer.tests", "src\tests\nunit-v2-result-writer.tests.csproj", "{9A2892BF-2E7A-4D32-8ED9-3971A9EB959E}"
EndProject
Project("{2150E333-8FDC-42A3-9474-1A3956D46DE8}") = "Solution Items", "Solution Items", "{5F2D8428-EF74-449E-ADD6-505D20751D12}"
	ProjectSection(SolutionItems) = preProject
		.travis.yml = .travis.yml
		appveyor.yml = appveyor.yml
		build = build
		build.cake = build.cake
		build.cmd = build.cmd
		build.ps1 = build.ps1
		build.sh = build.sh
		GitReleaseManager.yaml = GitReleaseManager.yaml
		GitVersion.yml = GitVersion.yml
		LICENSE.txt = LICENSE.txt
		net20.engine.addins = net20.engine.addins
		NuGet.config = NuGet.config
		NUnit2Results.xsd = NUnit2Results.xsd
		nunit_256.png = nunit_256.png
		README.md = README.md
		TwoMockAssemblies.nunit = TwoMockAssemblies.nunit
		VERIFICATION.txt = VERIFICATION.txt
	EndProjectSection
EndProject
Project("{9A19103F-16F7-4668-BE54-9A1E7A4F7556}") = "mock-assembly", "src\mock-assembly\mock-assembly.csproj", "{6D160D73-AB70-47F3-9837-BB3A06125FFB}"
EndProject
Project("{2150E333-8FDC-42A3-9474-1A3956D46DE8}") = "cake", "cake", "{C60D66FA-F4D4-46BE-9B1C-EFBCB344CA21}"
	ProjectSection(SolutionItems) = preProject
		cake\assertions.cake = cake\assertions.cake
		cake\constraints.cake = cake\constraints.cake
		cake\package-checks.cake = cake\package-checks.cake
		cake\package-tests.cake = cake\package-tests.cake
		cake\packaging.cake = cake\packaging.cake
		cake\parameters.cake = cake\parameters.cake
		cake\test-reports.cake = cake\test-reports.cake
		cake\test-results.cake = cake\test-results.cake
		cake\test-runner.cake = cake\test-runner.cake
		cake\tests.cake = cake\tests.cake
		cake\utilities.cake = cake\utilities.cake
		cake\versioning.cake = cake\versioning.cake
	EndProjectSection
EndProject
Project("{2150E333-8FDC-42A3-9474-1A3956D46DE8}") = "nuget", "nuget", "{579E5DBC-8641-4217-80FA-F6AB38FA8192}"
	ProjectSection(SolutionItems) = preProject
		nuget\nunit-v2-result-writer.legacy.addins = nuget\nunit-v2-result-writer.legacy.addins
		nuget\nunit-v2-result-writer.nuspec = nuget\nunit-v2-result-writer.nuspec
	EndProjectSection
EndProject
Project("{2150E333-8FDC-42A3-9474-1A3956D46DE8}") = "choco", "choco", "{69F04C16-FD6F-458A-ACB0-0939730E7447}"
	ProjectSection(SolutionItems) = preProject
		choco\nunit-v2-result-writer.legacy.addins = choco\nunit-v2-result-writer.legacy.addins
		choco\nunit-v2-result-writer.nuspec = choco\nunit-v2-result-writer.nuspec
		choco\VERIFICATION.txt = choco\VERIFICATION.txt
	EndProjectSection
EndProject
Project("{2150E333-8FDC-42A3-9474-1A3956D46DE8}") = ".github", ".github", "{E03BD3E6-F600-498A-8FCD-D77EA8E38E81}"
EndProject
Project("{2150E333-8FDC-42A3-9474-1A3956D46DE8}") = "workflows", "workflows", "{0C604EAB-A6F9-4ACD-83AC-3E066CBDC6DE}"
	ProjectSection(SolutionItems) = preProject
		.github\workflows\NUnitV2ResultWriter.CI.yml = .github\workflows\NUnitV2ResultWriter.CI.yml
	EndProjectSection
EndProject
Global
	GlobalSection(SolutionConfigurationPlatforms) = preSolution
		Debug|Any CPU = Debug|Any CPU
		Release|Any CPU = Release|Any CPU
	EndGlobalSection
	GlobalSection(ProjectConfigurationPlatforms) = postSolution
		{AECFA3FB-E55A-4151-9DEA-F715FBB972BA}.Debug|Any CPU.ActiveCfg = Debug|Any CPU
		{AECFA3FB-E55A-4151-9DEA-F715FBB972BA}.Debug|Any CPU.Build.0 = Debug|Any CPU
		{AECFA3FB-E55A-4151-9DEA-F715FBB972BA}.Release|Any CPU.ActiveCfg = Release|Any CPU
		{AECFA3FB-E55A-4151-9DEA-F715FBB972BA}.Release|Any CPU.Build.0 = Release|Any CPU
		{9A2892BF-2E7A-4D32-8ED9-3971A9EB959E}.Debug|Any CPU.ActiveCfg = Debug|Any CPU
		{9A2892BF-2E7A-4D32-8ED9-3971A9EB959E}.Debug|Any CPU.Build.0 = Debug|Any CPU
		{9A2892BF-2E7A-4D32-8ED9-3971A9EB959E}.Release|Any CPU.ActiveCfg = Release|Any CPU
		{9A2892BF-2E7A-4D32-8ED9-3971A9EB959E}.Release|Any CPU.Build.0 = Release|Any CPU
		{6D160D73-AB70-47F3-9837-BB3A06125FFB}.Debug|Any CPU.ActiveCfg = Debug|Any CPU
		{6D160D73-AB70-47F3-9837-BB3A06125FFB}.Debug|Any CPU.Build.0 = Debug|Any CPU
		{6D160D73-AB70-47F3-9837-BB3A06125FFB}.Release|Any CPU.ActiveCfg = Release|Any CPU
		{6D160D73-AB70-47F3-9837-BB3A06125FFB}.Release|Any CPU.Build.0 = Release|Any CPU
	EndGlobalSection
	GlobalSection(SolutionProperties) = preSolution
		HideSolutionNode = FALSE
	EndGlobalSection
	GlobalSection(NestedProjects) = preSolution
		{C60D66FA-F4D4-46BE-9B1C-EFBCB344CA21} = {5F2D8428-EF74-449E-ADD6-505D20751D12}
		{579E5DBC-8641-4217-80FA-F6AB38FA8192} = {5F2D8428-EF74-449E-ADD6-505D20751D12}
		{69F04C16-FD6F-458A-ACB0-0939730E7447} = {5F2D8428-EF74-449E-ADD6-505D20751D12}
		{E03BD3E6-F600-498A-8FCD-D77EA8E38E81} = {5F2D8428-EF74-449E-ADD6-505D20751D12}
		{0C604EAB-A6F9-4ACD-83AC-3E066CBDC6DE} = {E03BD3E6-F600-498A-8FCD-D77EA8E38E81}
	EndGlobalSection
	GlobalSection(ExtensibilityGlobals) = postSolution
		SolutionGuid = {F9258C05-1EEA-485D-BC8E-69A1D6EFE5DC}
	EndGlobalSection
EndGlobal
